
Microsoft Visual Studio Solution File, Format Version 12.00
# Visual Studio Version 16
VisualStudioVersion = 16.0.31112.23
MinimumVisualStudioVersion = 10.0.40219.1
Project("{9A19103F-16F7-4668-BE54-9A1E7A4F7556}") = "TestProject1", "TestProject1\TestProject1.csproj", "{F2BF4940-2BF1-435D-938A-D83FDF0636F6}"
EndProject
Project("{9A19103F-16F7-4668-BE54-9A1E7A4F7556}") = "TestProject2", "TestProject2\TestProject2.csproj", "{9035918A-80D3-45B9-A083-6525D4049C12}"
EndProject
Project("{9A19103F-16F7-4668-BE54-9A1E7A4F7556}") = "TestProject3", "TestProject3\TestProject3.csproj", "{CD192BF7-16E2-46BA-8DE2-2C5A218AC13B}"
EndProject
Project("{FAE04EC0-301F-11D3-BF4B-00C04F79EFBC}") = "MyLibrary", "MyLibrary\MyLibrary.csproj", "{A297E5AF-E368-4B45-869A-5860D91C9E80}"
EndProject
Global
	GlobalSection(SolutionConfigurationPlatforms) = preSolution
		Debug|Any CPU = Debug|Any CPU
		Release|Any CPU = Release|Any CPU
	EndGlobalSection
	GlobalSection(ProjectConfigurationPlatforms) = postSolution
		{F2BF4940-2BF1-435D-938A-D83FDF0636F6}.Debug|Any CPU.ActiveCfg = Debug|Any CPU
		{F2BF4940-2BF1-435D-938A-D83FDF0636F6}.Debug|Any CPU.Build.0 = Debug|Any CPU
		{F2BF4940-2BF1-435D-938A-D83FDF0636F6}.Release|Any CPU.ActiveCfg = Release|Any CPU
		{F2BF4940-2BF1-435D-938A-D83FDF0636F6}.Release|Any CPU.Build.0 = Release|Any CPU
		{9035918A-80D3-45B9-A083-6525D4049C12}.Debug|Any CPU.ActiveCfg = Debug|Any CPU
		{9035918A-80D3-45B9-A083-6525D4049C12}.Debug|Any CPU.Build.0 = Debug|Any CPU
		{9035918A-80D3-45B9-A083-6525D4049C12}.Release|Any CPU.ActiveCfg = Release|Any CPU
		{9035918A-80D3-45B9-A083-6525D4049C12}.Release|Any CPU.Build.0 = Release|Any CPU
		{CD192BF7-16E2-46BA-8DE2-2C5A218AC13B}.Debug|Any CPU.ActiveCfg = Debug|Any CPU
		{CD192BF7-16E2-46BA-8DE2-2C5A218AC13B}.Debug|Any CPU.Build.0 = Debug|Any CPU
		{CD192BF7-16E2-46BA-8DE2-2C5A218AC13B}.Release|Any CPU.ActiveCfg = Release|Any CPU
		{CD192BF7-16E2-46BA-8DE2-2C5A218AC13B}.Release|Any CPU.Build.0 = Release|Any CPU
		{A297E5AF-E368-4B45-869A-5860D91C9E80}.Debug|Any CPU.ActiveCfg = Debug|Any CPU
		{A297E5AF-E368-4B45-869A-5860D91C9E80}.Debug|Any CPU.Build.0 = Debug|Any CPU
		{A297E5AF-E368-4B45-869A-5860D91C9E80}.Release|Any CPU.ActiveCfg = Release|Any CPU
		{A297E5AF-E368-4B45-869A-5860D91C9E80}.Release|Any CPU.Build.0 = Release|Any CPU
	EndGlobalSection
	GlobalSection(SolutionProperties) = preSolution
		HideSolutionNode = FALSE
	EndGlobalSection
	GlobalSection(ExtensibilityGlobals) = postSolution
		SolutionGuid = {4CD773BA-F3A9-4D2B-B74C-9BD4CC9F6279}
	EndGlobalSection
EndGlobal
